
Microsoft Visual Studio Solution File, Format Version 12.00
# Visual Studio Version 17
VisualStudioVersion = 17.14.36414.22 d17.14
MinimumVisualStudioVersion = 10.0.40219.1
Project("{FAE04EC0-301F-11D3-BF4B-00C04F79EFBC}") = "Øvelse 3.2 - Videre med navn og alder", "Øvelse 3.2 - Videre med navn og alder\Øvelse 3.2 - Videre med navn og alder.csproj", "{47FCAFCD-A1D2-401D-A6AE-7182E6821614}"
EndProject
Global
	GlobalSection(SolutionConfigurationPlatforms) = preSolution
		Debug|Any CPU = Debug|Any CPU
		Release|Any CPU = Release|Any CPU
	EndGlobalSection
	GlobalSection(ProjectConfigurationPlatforms) = postSolution
		{47FCAFCD-A1D2-401D-A6AE-7182E6821614}.Debug|Any CPU.ActiveCfg = Debug|Any CPU
		{47FCAFCD-A1D2-401D-A6AE-7182E6821614}.Debug|Any CPU.Build.0 = Debug|Any CPU
		{47FCAFCD-A1D2-401D-A6AE-7182E6821614}.Release|Any CPU.ActiveCfg = Release|Any CPU
		{47FCAFCD-A1D2-401D-A6AE-7182E6821614}.Release|Any CPU.Build.0 = Release|Any CPU
	EndGlobalSection
	GlobalSection(SolutionProperties) = preSolution
		HideSolutionNode = FALSE
	EndGlobalSection
	GlobalSection(ExtensibilityGlobals) = postSolution
		SolutionGuid = {EDA456AB-E10F-4D28-BBA7-0D677230CB0B}
	EndGlobalSection
EndGlobal
