
Microsoft Visual Studio Solution File, Format Version 12.00
# Visual Studio Version 17
VisualStudioVersion = 17.14.36414.22 d17.14
MinimumVisualStudioVersion = 10.0.40219.1
Project("{FAE04EC0-301F-11D3-BF4B-00C04F79EFBC}") = "Øvelse 4 - Menu", "Øvelse 4 - Menu\Øvelse 4 - Menu.csproj", "{4EDDAA87-4852-489E-B0DE-3566AA094C4B}"
EndProject
Global
	GlobalSection(SolutionConfigurationPlatforms) = preSolution
		Debug|Any CPU = Debug|Any CPU
		Release|Any CPU = Release|Any CPU
	EndGlobalSection
	GlobalSection(ProjectConfigurationPlatforms) = postSolution
		{4EDDAA87-4852-489E-B0DE-3566AA094C4B}.Debug|Any CPU.ActiveCfg = Debug|Any CPU
		{4EDDAA87-4852-489E-B0DE-3566AA094C4B}.Debug|Any CPU.Build.0 = Debug|Any CPU
		{4EDDAA87-4852-489E-B0DE-3566AA094C4B}.Release|Any CPU.ActiveCfg = Release|Any CPU
		{4EDDAA87-4852-489E-B0DE-3566AA094C4B}.Release|Any CPU.Build.0 = Release|Any CPU
	EndGlobalSection
	GlobalSection(SolutionProperties) = preSolution
		HideSolutionNode = FALSE
	EndGlobalSection
	GlobalSection(ExtensibilityGlobals) = postSolution
		SolutionGuid = {1427FCCC-8078-401B-81A6-741E2DFC02D0}
	EndGlobalSection
EndGlobal
