
Microsoft Visual Studio Solution File, Format Version 12.00
# Visual Studio Version 17
VisualStudioVersion = 17.14.36414.22
MinimumVisualStudioVersion = 10.0.40219.1
Project("{FAE04EC0-301F-11D3-BF4B-00C04F79EFBC}") = "Lommeregner", "Lommeregner\Lommeregner.csproj", "{8E61E77D-9998-4A83-BB41-DEA7BB8A7191}"
EndProject
Project("{FAE04EC0-301F-11D3-BF4B-00C04F79EFBC}") = "Menu Calc", "Menu Calc\Menu Calc.csproj", "{C7D898C7-CA95-422E-A952-9139BD941689}"
EndProject
Project("{FAE04EC0-301F-11D3-BF4B-00C04F79EFBC}") = "LommeregnerTest", "LommeregnerTest\LommeregnerTest.csproj", "{7AE76667-1BB1-4EE1-8023-C1D9381CF059}"
EndProject
Global
	GlobalSection(SolutionConfigurationPlatforms) = preSolution
		Debug|Any CPU = Debug|Any CPU
		Release|Any CPU = Release|Any CPU
	EndGlobalSection
	GlobalSection(ProjectConfigurationPlatforms) = postSolution
		{8E61E77D-9998-4A83-BB41-DEA7BB8A7191}.Debug|Any CPU.ActiveCfg = Debug|Any CPU
		{8E61E77D-9998-4A83-BB41-DEA7BB8A7191}.Debug|Any CPU.Build.0 = Debug|Any CPU
		{8E61E77D-9998-4A83-BB41-DEA7BB8A7191}.Release|Any CPU.ActiveCfg = Release|Any CPU
		{8E61E77D-9998-4A83-BB41-DEA7BB8A7191}.Release|Any CPU.Build.0 = Release|Any CPU
		{C7D898C7-CA95-422E-A952-9139BD941689}.Debug|Any CPU.ActiveCfg = Debug|Any CPU
		{C7D898C7-CA95-422E-A952-9139BD941689}.Debug|Any CPU.Build.0 = Debug|Any CPU
		{C7D898C7-CA95-422E-A952-9139BD941689}.Release|Any CPU.ActiveCfg = Release|Any CPU
		{C7D898C7-CA95-422E-A952-9139BD941689}.Release|Any CPU.Build.0 = Release|Any CPU
		{7AE76667-1BB1-4EE1-8023-C1D9381CF059}.Debug|Any CPU.ActiveCfg = Debug|Any CPU
		{7AE76667-1BB1-4EE1-8023-C1D9381CF059}.Debug|Any CPU.Build.0 = Debug|Any CPU
		{7AE76667-1BB1-4EE1-8023-C1D9381CF059}.Release|Any CPU.ActiveCfg = Release|Any CPU
		{7AE76667-1BB1-4EE1-8023-C1D9381CF059}.Release|Any CPU.Build.0 = Release|Any CPU
	EndGlobalSection
	GlobalSection(SolutionProperties) = preSolution
		HideSolutionNode = FALSE
	EndGlobalSection
	GlobalSection(ExtensibilityGlobals) = postSolution
		SolutionGuid = {CFB5D184-2D69-4EA5-B75E-EB3F305AB6A8}
	EndGlobalSection
EndGlobal
