
Microsoft Visual Studio Solution File, Format Version 12.00
# Visual Studio Version 17
VisualStudioVersion = 17.14.36414.22 d17.14
MinimumVisualStudioVersion = 10.0.40219.1
Project("{FAE04EC0-301F-11D3-BF4B-00C04F79EFBC}") = "Console App", "Console App\Console App.csproj", "{B8AB38FA-6BA4-4E66-ABB8-126BDE9B94C9}"
EndProject
Global
	GlobalSection(SolutionConfigurationPlatforms) = preSolution
		Debug|Any CPU = Debug|Any CPU
		Release|Any CPU = Release|Any CPU
	EndGlobalSection
	GlobalSection(ProjectConfigurationPlatforms) = postSolution
		{B8AB38FA-6BA4-4E66-ABB8-126BDE9B94C9}.Debug|Any CPU.ActiveCfg = Debug|Any CPU
		{B8AB38FA-6BA4-4E66-ABB8-126BDE9B94C9}.Debug|Any CPU.Build.0 = Debug|Any CPU
		{B8AB38FA-6BA4-4E66-ABB8-126BDE9B94C9}.Release|Any CPU.ActiveCfg = Release|Any CPU
		{B8AB38FA-6BA4-4E66-ABB8-126BDE9B94C9}.Release|Any CPU.Build.0 = Release|Any CPU
	EndGlobalSection
	GlobalSection(SolutionProperties) = preSolution
		HideSolutionNode = FALSE
	EndGlobalSection
	GlobalSection(ExtensibilityGlobals) = postSolution
		SolutionGuid = {F935AEBF-6E0D-49F2-B43B-9BDA12ABF332}
	EndGlobalSection
EndGlobal
